// !$*UTF8*$!
{
	archiveVersion = 1;
	classes = {
	};
	objectVersion = 55;
	objects = {

/* Begin PBXBuildFile section */
		4A8A754828EAFA2400172CF8 /* ErrorResponse.swift in Sources */ = {isa = PBXBuildFile; fileRef = 4A8A754728EAFA2400172CF8 /* ErrorResponse.swift */; };
		4A8A754A28EB0A3E00172CF8 /* CLabel.swift in Sources */ = {isa = PBXBuildFile; fileRef = 4A8A754928EB0A3E00172CF8 /* CLabel.swift */; };
		4AE0E2D828EA87F3007A991C /* AppDelegate.swift in Sources */ = {isa = PBXBuildFile; fileRef = 4AE0E2D728EA87F3007A991C /* AppDelegate.swift */; };
		4AE0E2DA28EA87F3007A991C /* SceneDelegate.swift in Sources */ = {isa = PBXBuildFile; fileRef = 4AE0E2D928EA87F3007A991C /* SceneDelegate.swift */; };
		4AE0E2DC28EA87F3007A991C /* HomeViewController.swift in Sources */ = {isa = PBXBuildFile; fileRef = 4AE0E2DB28EA87F3007A991C /* HomeViewController.swift */; };
		4AE0E2E128EA87F7007A991C /* Assets.xcassets in Resources */ = {isa = PBXBuildFile; fileRef = 4AE0E2E028EA87F7007A991C /* Assets.xcassets */; };
		4AE0E2E428EA87F7007A991C /* LaunchScreen.storyboard in Resources */ = {isa = PBXBuildFile; fileRef = 4AE0E2E228EA87F7007A991C /* LaunchScreen.storyboard */; };
		4AE0E2F028EAC05E007A991C /* Alamofire in Frameworks */ = {isa = PBXBuildFile; productRef = 4AE0E2EF28EAC05E007A991C /* Alamofire */; };
		4AE0E2F328EAC4FF007A991C /* UIColor+Extensions.swift in Sources */ = {isa = PBXBuildFile; fileRef = 4AE0E2F228EAC4FF007A991C /* UIColor+Extensions.swift */; };
		4AE0E2FB28EAD2F4007A991C /* NetworkService.swift in Sources */ = {isa = PBXBuildFile; fileRef = 4AE0E2FA28EAD2F4007A991C /* NetworkService.swift */; };
		4AE0E2FE28EAD729007A991C /* CurrentWeatherResponse.swift in Sources */ = {isa = PBXBuildFile; fileRef = 4AE0E2FD28EAD729007A991C /* CurrentWeatherResponse.swift */; };
		4AE0E30028EAD731007A991C /* Location.swift in Sources */ = {isa = PBXBuildFile; fileRef = 4AE0E2FF28EAD731007A991C /* Location.swift */; };
		4AE0E30428EADD8D007A991C /* HomePresenter.swift in Sources */ = {isa = PBXBuildFile; fileRef = 4AE0E30328EADD8D007A991C /* HomePresenter.swift */; };
		4AE0E30628EADD99007A991C /* HomeInteractor.swift in Sources */ = {isa = PBXBuildFile; fileRef = 4AE0E30528EADD99007A991C /* HomeInteractor.swift */; };
/* End PBXBuildFile section */

/* Begin PBXFileReference section */
		4A8A754728EAFA2400172CF8 /* ErrorResponse.swift */ = {isa = PBXFileReference; lastKnownFileType = sourcecode.swift; path = ErrorResponse.swift; sourceTree = "<group>"; };
		4A8A754928EB0A3E00172CF8 /* CLabel.swift */ = {isa = PBXFileReference; lastKnownFileType = sourcecode.swift; path = CLabel.swift; sourceTree = "<group>"; };
		4AE0E2D428EA87F3007A991C /* Cuaca.app */ = {isa = PBXFileReference; explicitFileType = wrapper.application; includeInIndex = 0; path = Cuaca.app; sourceTree = BUILT_PRODUCTS_DIR; };
		4AE0E2D728EA87F3007A991C /* AppDelegate.swift */ = {isa = PBXFileReference; lastKnownFileType = sourcecode.swift; path = AppDelegate.swift; sourceTree = "<group>"; };
		4AE0E2D928EA87F3007A991C /* SceneDelegate.swift */ = {isa = PBXFileReference; lastKnownFileType = sourcecode.swift; path = SceneDelegate.swift; sourceTree = "<group>"; };
		4AE0E2DB28EA87F3007A991C /* HomeViewController.swift */ = {isa = PBXFileReference; lastKnownFileType = sourcecode.swift; path = HomeViewController.swift; sourceTree = "<group>"; };
		4AE0E2E028EA87F7007A991C /* Assets.xcassets */ = {isa = PBXFileReference; lastKnownFileType = folder.assetcatalog; path = Assets.xcassets; sourceTree = "<group>"; };
		4AE0E2E328EA87F7007A991C /* Base */ = {isa = PBXFileReference; lastKnownFileType = file.storyboard; name = Base; path = Base.lproj/LaunchScreen.storyboard; sourceTree = "<group>"; };
		4AE0E2E528EA87F7007A991C /* Info.plist */ = {isa = PBXFileReference; lastKnownFileType = text.plist.xml; path = Info.plist; sourceTree = "<group>"; };
		4AE0E2F228EAC4FF007A991C /* UIColor+Extensions.swift */ = {isa = PBXFileReference; lastKnownFileType = sourcecode.swift; path = "UIColor+Extensions.swift"; sourceTree = "<group>"; };
		4AE0E2FA28EAD2F4007A991C /* NetworkService.swift */ = {isa = PBXFileReference; lastKnownFileType = sourcecode.swift; path = NetworkService.swift; sourceTree = "<group>"; };
		4AE0E2FD28EAD729007A991C /* CurrentWeatherResponse.swift */ = {isa = PBXFileReference; lastKnownFileType = sourcecode.swift; path = CurrentWeatherResponse.swift; sourceTree = "<group>"; };
		4AE0E2FF28EAD731007A991C /* Location.swift */ = {isa = PBXFileReference; lastKnownFileType = sourcecode.swift; path = Location.swift; sourceTree = "<group>"; };
		4AE0E30328EADD8D007A991C /* HomePresenter.swift */ = {isa = PBXFileReference; lastKnownFileType = sourcecode.swift; path = HomePresenter.swift; sourceTree = "<group>"; };
		4AE0E30528EADD99007A991C /* HomeInteractor.swift */ = {isa = PBXFileReference; lastKnownFileType = sourcecode.swift; path = HomeInteractor.swift; sourceTree = "<group>"; };
/* End PBXFileReference section */

/* Begin PBXFrameworksBuildPhase section */
		4AE0E2D128EA87F3007A991C /* Frameworks */ = {
			isa = PBXFrameworksBuildPhase;
			buildActionMask = 2147483647;
			files = (
				4AE0E2F028EAC05E007A991C /* Alamofire in Frameworks */,
			);
			runOnlyForDeploymentPostprocessing = 0;
		};
/* End PBXFrameworksBuildPhase section */

/* Begin PBXGroup section */
		4AE0E2CB28EA87F3007A991C = {
			isa = PBXGroup;
			children = (
				4AE0E2D628EA87F3007A991C /* Cuaca */,
				4AE0E2D528EA87F3007A991C /* Products */,
			);
			sourceTree = "<group>";
		};
		4AE0E2D528EA87F3007A991C /* Products */ = {
			isa = PBXGroup;
			children = (
				4AE0E2D428EA87F3007A991C /* Cuaca.app */,
			);
			name = Products;
			sourceTree = "<group>";
		};
		4AE0E2D628EA87F3007A991C /* Cuaca */ = {
			isa = PBXGroup;
			children = (
				4AE0E2E528EA87F7007A991C /* Info.plist */,
				4AE0E2D728EA87F3007A991C /* AppDelegate.swift */,
				4AE0E2FA28EAD2F4007A991C /* NetworkService.swift */,
				4AE0E2D928EA87F3007A991C /* SceneDelegate.swift */,
				4AE0E2E028EA87F7007A991C /* Assets.xcassets */,
				4AE0E2E228EA87F7007A991C /* LaunchScreen.storyboard */,
				4AE0E2FC28EAD70E007A991C /* Model */,
				4AE0E30128EADD43007A991C /* Scene */,
				4AE0E2F128EAC4E6007A991C /* Utility */,
			);
			path = Cuaca;
			sourceTree = "<group>";
		};
		4AE0E2F128EAC4E6007A991C /* Utility */ = {
			isa = PBXGroup;
			children = (
				4AE0E2F228EAC4FF007A991C /* UIColor+Extensions.swift */,
				4A8A754928EB0A3E00172CF8 /* CLabel.swift */,
			);
			path = Utility;
			sourceTree = "<group>";
		};
		4AE0E2FC28EAD70E007A991C /* Model */ = {
			isa = PBXGroup;
			children = (
				4AE0E2FD28EAD729007A991C /* CurrentWeatherResponse.swift */,
				4AE0E2FF28EAD731007A991C /* Location.swift */,
				4A8A754728EAFA2400172CF8 /* ErrorResponse.swift */,
			);
			path = Model;
			sourceTree = "<group>";
		};
		4AE0E30128EADD43007A991C /* Scene */ = {
			isa = PBXGroup;
			children = (
				4AE0E30228EADD48007A991C /* Home */,
			);
			path = Scene;
			sourceTree = "<group>";
		};
		4AE0E30228EADD48007A991C /* Home */ = {
			isa = PBXGroup;
			children = (
				4AE0E2DB28EA87F3007A991C /* HomeViewController.swift */,
				4AE0E30328EADD8D007A991C /* HomePresenter.swift */,
				4AE0E30528EADD99007A991C /* HomeInteractor.swift */,
			);
			path = Home;
			sourceTree = "<group>";
		};
/* End PBXGroup section */

/* Begin PBXNativeTarget section */
		4AE0E2D328EA87F3007A991C /* Cuaca */ = {
			isa = PBXNativeTarget;
			buildConfigurationList = 4AE0E2E828EA87F7007A991C /* Build configuration list for PBXNativeTarget "Cuaca" */;
			buildPhases = (
				4AE0E2D028EA87F3007A991C /* Sources */,
				4AE0E2D128EA87F3007A991C /* Frameworks */,
				4AE0E2D228EA87F3007A991C /* Resources */,
			);
			buildRules = (
			);
			dependencies = (
			);
			name = Cuaca;
			packageProductDependencies = (
				4AE0E2EF28EAC05E007A991C /* Alamofire */,
			);
			productName = Cuaca;
			productReference = 4AE0E2D428EA87F3007A991C /* Cuaca.app */;
			productType = "com.apple.product-type.application";
		};
/* End PBXNativeTarget section */

/* Begin PBXProject section */
		4AE0E2CC28EA87F3007A991C /* Project object */ = {
			isa = PBXProject;
			attributes = {
				BuildIndependentTargetsInParallel = 1;
				LastSwiftUpdateCheck = 1340;
				LastUpgradeCheck = 1340;
				TargetAttributes = {
					4AE0E2D328EA87F3007A991C = {
						CreatedOnToolsVersion = 13.4.1;
					};
				};
			};
			buildConfigurationList = 4AE0E2CF28EA87F3007A991C /* Build configuration list for PBXProject "Cuaca" */;
			compatibilityVersion = "Xcode 13.0";
			developmentRegion = en;
			hasScannedForEncodings = 0;
			knownRegions = (
				en,
				Base,
			);
			mainGroup = 4AE0E2CB28EA87F3007A991C;
			packageReferences = (
				4AE0E2EE28EAC05E007A991C /* XCRemoteSwiftPackageReference "Alamofire" */,
			);
			productRefGroup = 4AE0E2D528EA87F3007A991C /* Products */;
			projectDirPath = "";
			projectRoot = "";
			targets = (
				4AE0E2D328EA87F3007A991C /* Cuaca */,
			);
		};
/* End PBXProject section */

/* Begin PBXResourcesBuildPhase section */
		4AE0E2D228EA87F3007A991C /* Resources */ = {
			isa = PBXResourcesBuildPhase;
			buildActionMask = 2147483647;
			files = (
				4AE0E2E428EA87F7007A991C /* LaunchScreen.storyboard in Resources */,
				4AE0E2E128EA87F7007A991C /* Assets.xcassets in Resources */,
			);
			runOnlyForDeploymentPostprocessing = 0;
		};
/* End PBXResourcesBuildPhase section */

/* Begin PBXSourcesBuildPhase section */
		4AE0E2D028EA87F3007A991C /* Sources */ = {
			isa = PBXSourcesBuildPhase;
			buildActionMask = 2147483647;
			files = (
				4AE0E2FB28EAD2F4007A991C /* NetworkService.swift in Sources */,
				4A8A754828EAFA2400172CF8 /* ErrorResponse.swift in Sources */,
				4AE0E2DC28EA87F3007A991C /* HomeViewController.swift in Sources */,
				4AE0E2D828EA87F3007A991C /* AppDelegate.swift in Sources */,
				4AE0E2FE28EAD729007A991C /* CurrentWeatherResponse.swift in Sources */,
				4AE0E2DA28EA87F3007A991C /* SceneDelegate.swift in Sources */,
				4A8A754A28EB0A3E00172CF8 /* CLabel.swift in Sources */,
				4AE0E2F328EAC4FF007A991C /* UIColor+Extensions.swift in Sources */,
				4AE0E30628EADD99007A991C /* HomeInteractor.swift in Sources */,
				4AE0E30028EAD731007A991C /* Location.swift in Sources */,
				4AE0E30428EADD8D007A991C /* HomePresenter.swift in Sources */,
			);
			runOnlyForDeploymentPostprocessing = 0;
		};
/* End PBXSourcesBuildPhase section */

/* Begin PBXVariantGroup section */
		4AE0E2E228EA87F7007A991C /* LaunchScreen.storyboard */ = {
			isa = PBXVariantGroup;
			children = (
				4AE0E2E328EA87F7007A991C /* Base */,
			);
			name = LaunchScreen.storyboard;
			sourceTree = "<group>";
		};
/* End PBXVariantGroup section */

/* Begin XCBuildConfiguration section */
		4AE0E2E628EA87F7007A991C /* Debug */ = {
			isa = XCBuildConfiguration;
			buildSettings = {
				ALWAYS_SEARCH_USER_PATHS = NO;
				CLANG_ANALYZER_NONNULL = YES;
				CLANG_ANALYZER_NUMBER_OBJECT_CONVERSION = YES_AGGRESSIVE;
				CLANG_CXX_LANGUAGE_STANDARD = "gnu++17";
				CLANG_ENABLE_MODULES = YES;
				CLANG_ENABLE_OBJC_ARC = YES;
				CLANG_ENABLE_OBJC_WEAK = YES;
				CLANG_WARN_BLOCK_CAPTURE_AUTORELEASING = YES;
				CLANG_WARN_BOOL_CONVERSION = YES;
				CLANG_WARN_COMMA = YES;
				CLANG_WARN_CONSTANT_CONVERSION = YES;
				CLANG_WARN_DEPRECATED_OBJC_IMPLEMENTATIONS = YES;
				CLANG_WARN_DIRECT_OBJC_ISA_USAGE = YES_ERROR;
				CLANG_WARN_DOCUMENTATION_COMMENTS = YES;
				CLANG_WARN_EMPTY_BODY = YES;
				CLANG_WARN_ENUM_CONVERSION = YES;
				CLANG_WARN_INFINITE_RECURSION = YES;
				CLANG_WARN_INT_CONVERSION = YES;
				CLANG_WARN_NON_LITERAL_NULL_CONVERSION = YES;
				CLANG_WARN_OBJC_IMPLICIT_RETAIN_SELF = YES;
				CLANG_WARN_OBJC_LITERAL_CONVERSION = YES;
				CLANG_WARN_OBJC_ROOT_CLASS = YES_ERROR;
				CLANG_WARN_QUOTED_INCLUDE_IN_FRAMEWORK_HEADER = YES;
				CLANG_WARN_RANGE_LOOP_ANALYSIS = YES;
				CLANG_WARN_STRICT_PROTOTYPES = YES;
				CLANG_WARN_SUSPICIOUS_MOVE = YES;
				CLANG_WARN_UNGUARDED_AVAILABILITY = YES_AGGRESSIVE;
				CLANG_WARN_UNREACHABLE_CODE = YES;
				CLANG_WARN__DUPLICATE_METHOD_MATCH = YES;
				COPY_PHASE_STRIP = NO;
				DEBUG_INFORMATION_FORMAT = dwarf;
				ENABLE_STRICT_OBJC_MSGSEND = YES;
				ENABLE_TESTABILITY = YES;
				GCC_C_LANGUAGE_STANDARD = gnu11;
				GCC_DYNAMIC_NO_PIC = NO;
				GCC_NO_COMMON_BLOCKS = YES;
				GCC_OPTIMIZATION_LEVEL = 0;
				GCC_PREPROCESSOR_DEFINITIONS = (
					"DEBUG=1",
					"$(inherited)",
				);
				GCC_WARN_64_TO_32_BIT_CONVERSION = YES;
				GCC_WARN_ABOUT_RETURN_TYPE = YES_ERROR;
				GCC_WARN_UNDECLARED_SELECTOR = YES;
				GCC_WARN_UNINITIALIZED_AUTOS = YES_AGGRESSIVE;
				GCC_WARN_UNUSED_FUNCTION = YES;
				GCC_WARN_UNUSED_VARIABLE = YES;
				IPHONEOS_DEPLOYMENT_TARGET = 13.0;
				MTL_ENABLE_DEBUG_INFO = INCLUDE_SOURCE;
				MTL_FAST_MATH = YES;
				ONLY_ACTIVE_ARCH = YES;
				SDKROOT = iphoneos;
				SWIFT_ACTIVE_COMPILATION_CONDITIONS = DEBUG;
				SWIFT_OPTIMIZATION_LEVEL = "-Onone";
			};
			name = Debug;
		};
		4AE0E2E728EA87F7007A991C /* Release */ = {
			isa = XCBuildConfiguration;
			buildSettings = {
				ALWAYS_SEARCH_USER_PATHS = NO;
				CLANG_ANALYZER_NONNULL = YES;
				CLANG_ANALYZER_NUMBER_OBJECT_CONVERSION = YES_AGGRESSIVE;
				CLANG_CXX_LANGUAGE_STANDARD = "gnu++17";
				CLANG_ENABLE_MODULES = YES;
				CLANG_ENABLE_OBJC_ARC = YES;
				CLANG_ENABLE_OBJC_WEAK = YES;
				CLANG_WARN_BLOCK_CAPTURE_AUTORELEASING = YES;
				CLANG_WARN_BOOL_CONVERSION = YES;
				CLANG_WARN_COMMA = YES;
				CLANG_WARN_CONSTANT_CONVERSION = YES;
				CLANG_WARN_DEPRECATED_OBJC_IMPLEMENTATIONS = YES;
				CLANG_WARN_DIRECT_OBJC_ISA_USAGE = YES_ERROR;
				CLANG_WARN_DOCUMENTATION_COMMENTS = YES;
				CLANG_WARN_EMPTY_BODY = YES;
				CLANG_WARN_ENUM_CONVERSION = YES;
				CLANG_WARN_INFINITE_RECURSION = YES;
				CLANG_WARN_INT_CONVERSION = YES;
				CLANG_WARN_NON_LITERAL_NULL_CONVERSION = YES;
				CLANG_WARN_OBJC_IMPLICIT_RETAIN_SELF = YES;
				CLANG_WARN_OBJC_LITERAL_CONVERSION = YES;
				CLANG_WARN_OBJC_ROOT_CLASS = YES_ERROR;
				CLANG_WARN_QUOTED_INCLUDE_IN_FRAMEWORK_HEADER = YES;
				CLANG_WARN_RANGE_LOOP_ANALYSIS = YES;
				CLANG_WARN_STRICT_PROTOTYPES = YES;
				CLANG_WARN_SUSPICIOUS_MOVE = YES;
				CLANG_WARN_UNGUARDED_AVAILABILITY = YES_AGGRESSIVE;
				CLANG_WARN_UNREACHABLE_CODE = YES;
				CLANG_WARN__DUPLICATE_METHOD_MATCH = YES;
				COPY_PHASE_STRIP = NO;
				DEBUG_INFORMATION_FORMAT = "dwarf-with-dsym";
				ENABLE_NS_ASSERTIONS = NO;
				ENABLE_STRICT_OBJC_MSGSEND = YES;
				GCC_C_LANGUAGE_STANDARD = gnu11;
				GCC_NO_COMMON_BLOCKS = YES;
				GCC_WARN_64_TO_32_BIT_CONVERSION = YES;
				GCC_WARN_ABOUT_RETURN_TYPE = YES_ERROR;
				GCC_WARN_UNDECLARED_SELECTOR = YES;
				GCC_WARN_UNINITIALIZED_AUTOS = YES_AGGRESSIVE;
				GCC_WARN_UNUSED_FUNCTION = YES;
				GCC_WARN_UNUSED_VARIABLE = YES;
				IPHONEOS_DEPLOYMENT_TARGET = 13.0;
				MTL_ENABLE_DEBUG_INFO = NO;
				MTL_FAST_MATH = YES;
				SDKROOT = iphoneos;
				SWIFT_COMPILATION_MODE = wholemodule;
				SWIFT_OPTIMIZATION_LEVEL = "-O";
				VALIDATE_PRODUCT = YES;
			};
			name = Release;
		};
		4AE0E2E928EA87F7007A991C /* Debug */ = {
			isa = XCBuildConfiguration;
			buildSettings = {
				ASSETCATALOG_COMPILER_APPICON_NAME = AppIcon;
				ASSETCATALOG_COMPILER_GLOBAL_ACCENT_COLOR_NAME = AccentColor;
				CODE_SIGN_STYLE = Automatic;
				CURRENT_PROJECT_VERSION = 1;
				DEVELOPMENT_TEAM = 5UACY4V6X4;
				GENERATE_INFOPLIST_FILE = YES;
				INFOPLIST_FILE = Cuaca/Info.plist;
				INFOPLIST_KEY_UIApplicationSupportsIndirectInputEvents = YES;
				INFOPLIST_KEY_UILaunchStoryboardName = LaunchScreen;
				INFOPLIST_KEY_UISupportedInterfaceOrientations = UIInterfaceOrientationPortrait;
				INFOPLIST_KEY_UISupportedInterfaceOrientations_iPad = "UIInterfaceOrientationPortrait UIInterfaceOrientationPortraitUpsideDown UIInterfaceOrientationLandscapeLeft UIInterfaceOrientationLandscapeRight";
				INFOPLIST_KEY_UISupportedInterfaceOrientations_iPhone = "UIInterfaceOrientationPortrait UIInterfaceOrientationLandscapeLeft UIInterfaceOrientationLandscapeRight";
				LD_RUNPATH_SEARCH_PATHS = (
					"$(inherited)",
					"@executable_path/Frameworks",
				);
				MARKETING_VERSION = 1.0;
				PRODUCT_BUNDLE_IDENTIFIER = co.swipey.cuaca;
				PRODUCT_NAME = "$(TARGET_NAME)";
				SWIFT_EMIT_LOC_STRINGS = YES;
				SWIFT_VERSION = 5.0;
				TARGETED_DEVICE_FAMILY = 1;
			};
			name = Debug;
		};
		4AE0E2EA28EA87F7007A991C /* Release */ = {
			isa = XCBuildConfiguration;
			buildSettings = {
				ASSETCATALOG_COMPILER_APPICON_NAME = AppIcon;
				ASSETCATALOG_COMPILER_GLOBAL_ACCENT_COLOR_NAME = AccentColor;
				CODE_SIGN_STYLE = Automatic;
				CURRENT_PROJECT_VERSION = 1;
				DEVELOPMENT_TEAM = 5UACY4V6X4;
				GENERATE_INFOPLIST_FILE = YES;
				INFOPLIST_FILE = Cuaca/Info.plist;
				INFOPLIST_KEY_UIApplicationSupportsIndirectInputEvents = YES;
				INFOPLIST_KEY_UILaunchStoryboardName = LaunchScreen;
				INFOPLIST_KEY_UISupportedInterfaceOrientations = UIInterfaceOrientationPortrait;
				INFOPLIST_KEY_UISupportedInterfaceOrientations_iPad = "UIInterfaceOrientationPortrait UIInterfaceOrientationPortraitUpsideDown UIInterfaceOrientationLandscapeLeft UIInterfaceOrientationLandscapeRight";
				INFOPLIST_KEY_UISupportedInterfaceOrientations_iPhone = "UIInterfaceOrientationPortrait UIInterfaceOrientationLandscapeLeft UIInterfaceOrientationLandscapeRight";
				LD_RUNPATH_SEARCH_PATHS = (
					"$(inherited)",
					"@executable_path/Frameworks",
				);
				MARKETING_VERSION = 1.0;
				PRODUCT_BUNDLE_IDENTIFIER = co.swipey.cuaca;
				PRODUCT_NAME = "$(TARGET_NAME)";
				SWIFT_EMIT_LOC_STRINGS = YES;
				SWIFT_VERSION = 5.0;
				TARGETED_DEVICE_FAMILY = 1;
			};
			name = Release;
		};
/* End XCBuildConfiguration section */

/* Begin XCConfigurationList section */
		4AE0E2CF28EA87F3007A991C /* Build configuration list for PBXProject "Cuaca" */ = {
			isa = XCConfigurationList;
			buildConfigurations = (
				4AE0E2E628EA87F7007A991C /* Debug */,
				4AE0E2E728EA87F7007A991C /* Release */,
			);
			defaultConfigurationIsVisible = 0;
			defaultConfigurationName = Release;
		};
		4AE0E2E828EA87F7007A991C /* Build configuration list for PBXNativeTarget "Cuaca" */ = {
			isa = XCConfigurationList;
			buildConfigurations = (
				4AE0E2E928EA87F7007A991C /* Debug */,
				4AE0E2EA28EA87F7007A991C /* Release */,
			);
			defaultConfigurationIsVisible = 0;
			defaultConfigurationName = Release;
		};
/* End XCConfigurationList section */

/* Begin XCRemoteSwiftPackageReference section */
		4AE0E2EE28EAC05E007A991C /* XCRemoteSwiftPackageReference "Alamofire" */ = {
			isa = XCRemoteSwiftPackageReference;
			repositoryURL = "https://github.com/Alamofire/Alamofire";
			requirement = {
				kind = exactVersion;
				version = 5.6.2;
			};
		};
/* End XCRemoteSwiftPackageReference section */

/* Begin XCSwiftPackageProductDependency section */
		4AE0E2EF28EAC05E007A991C /* Alamofire */ = {
			isa = XCSwiftPackageProductDependency;
			package = 4AE0E2EE28EAC05E007A991C /* XCRemoteSwiftPackageReference "Alamofire" */;
			productName = Alamofire;
		};
/* End XCSwiftPackageProductDependency section */
	};
	rootObject = 4AE0E2CC28EA87F3007A991C /* Project object */;
}
